
Microsoft Visual Studio Solution File, Format Version 12.00
# Visual Studio Version 17
VisualStudioVersion = 17.0.31903.59
MinimumVisualStudioVersion = 10.0.40219.1
Project("{2150E333-8FDC-42A3-9474-1A3956D46DE8}") = "src", "src", "{827E0CD3-B72D-47B6-A68D-7590B98EB39B}"
EndProject
Project("{2150E333-8FDC-42A3-9474-1A3956D46DE8}") = "Modules", "Modules", "{EC447DCF-ABFA-6E24-52A5-D7FD48A5C558}"
EndProject
Project("{2150E333-8FDC-42A3-9474-1A3956D46DE8}") = "Curation", "Curation", "{BEF6D164-B796-A647-D306-280AF5DC8AEA}"
EndProject
Project("{FAE04EC0-301F-11D3-BF4B-00C04F79EFBC}") = "QuoteHub.Curation.Application", "src\Modules\Curation\QuoteHub.Curation.Application\QuoteHub.Curation.Application.csproj", "{8DC39F59-995D-4B5B-B6FA-353733C2EA51}"
EndProject
Project("{FAE04EC0-301F-11D3-BF4B-00C04F79EFBC}") = "QuoteHub.Curation.Domain", "src\Modules\Curation\QuoteHub.Curation.Domain\QuoteHub.Curation.Domain.csproj", "{D7FFD541-0E67-48E4-B72F-5FEF7882DD83}"
EndProject
Project("{2150E333-8FDC-42A3-9474-1A3956D46DE8}") = "Shared", "Shared", "{C8E42992-5E42-0C2B-DBFE-AA848D06431C}"
EndProject
Project("{FAE04EC0-301F-11D3-BF4B-00C04F79EFBC}") = "QuoteHub.Contracts", "src\Shared\QuoteHub.Contracts\QuoteHub.Contracts.csproj", "{9BEBC861-92AF-4C5C-A513-9633852B61E5}"
EndProject
Project("{FAE04EC0-301F-11D3-BF4B-00C04F79EFBC}") = "QuoteHub.SharedKernel", "src\Shared\QuoteHub.SharedKernel\QuoteHub.SharedKernel.csproj", "{117D0C4E-AAA4-4375-8BC8-EAD08A1AA410}"
EndProject
Project("{FAE04EC0-301F-11D3-BF4B-00C04F79EFBC}") = "QuoteHub.Curation.Infrastructure", "src\Modules\Curation\QuoteHub.Curation.Infrastructure\QuoteHub.Curation.Infrastructure.csproj", "{11E28772-1F83-424C-899A-3C50EC58C361}"
EndProject
Project("{2150E333-8FDC-42A3-9474-1A3956D46DE8}") = "Moderation", "Moderation", "{CCE8970C-F19F-F7F5-0E2D-F3755490E052}"
EndProject
Project("{FAE04EC0-301F-11D3-BF4B-00C04F79EFBC}") = "QuoteHub.Moderation.Application", "src\Modules\Moderation\QuoteHub.Moderation.Application\QuoteHub.Moderation.Application.csproj", "{5C9B998E-C243-4601-8800-EEA34319C85B}"
EndProject
Project("{FAE04EC0-301F-11D3-BF4B-00C04F79EFBC}") = "QuoteHub.Moderation.Domain", "src\Modules\Moderation\QuoteHub.Moderation.Domain\QuoteHub.Moderation.Domain.csproj", "{8C297B4A-33D9-4AD1-8938-314BD8605314}"
EndProject
Project("{FAE04EC0-301F-11D3-BF4B-00C04F79EFBC}") = "QuoteHub.Moderation.Infrastructure", "src\Modules\Moderation\QuoteHub.Moderation.Infrastructure\QuoteHub.Moderation.Infrastructure.csproj", "{C63FBD8E-16C9-4192-80F1-B70A0B1EA78B}"
EndProject
Project("{FAE04EC0-301F-11D3-BF4B-00C04F79EFBC}") = "QuoteHub.Api", "src\QuoteHub.Api\QuoteHub.Api.csproj", "{837323C1-5CD8-492C-886F-8C3438BB0A95}"
EndProject
Project("{2150E333-8FDC-42A3-9474-1A3956D46DE8}") = "tests", "tests", "{0AB3BF05-4346-4AA6-1389-037BE0695223}"
EndProject
Project("{FAE04EC0-301F-11D3-BF4B-00C04F79EFBC}") = "QuoteHub.ArchitectureTests", "tests\QuoteHub.ArchitectureTests\QuoteHub.ArchitectureTests.csproj", "{13E5568D-0EE7-4AD9-BE50-BE762E897A6C}"
EndProject
Project("{FAE04EC0-301F-11D3-BF4B-00C04F79EFBC}") = "QuoteHub.Curation.Tests", "tests\QuoteHub.Curation.Tests\QuoteHub.Curation.Tests.csproj", "{8D5B0FD2-DC30-4617-87F5-C564BD82BFA7}"
EndProject
Global
	GlobalSection(SolutionConfigurationPlatforms) = preSolution
		Debug|Any CPU = Debug|Any CPU
		Debug|x64 = Debug|x64
		Debug|x86 = Debug|x86
		Release|Any CPU = Release|Any CPU
		Release|x64 = Release|x64
		Release|x86 = Release|x86
	EndGlobalSection
	GlobalSection(ProjectConfigurationPlatforms) = postSolution
		{8DC39F59-995D-4B5B-B6FA-353733C2EA51}.Debug|Any CPU.ActiveCfg = Debug|Any CPU
		{8DC39F59-995D-4B5B-B6FA-353733C2EA51}.Debug|Any CPU.Build.0 = Debug|Any CPU
		{8DC39F59-995D-4B5B-B6FA-353733C2EA51}.Debug|x64.ActiveCfg = Debug|Any CPU
		{8DC39F59-995D-4B5B-B6FA-353733C2EA51}.Debug|x64.Build.0 = Debug|Any CPU
		{8DC39F59-995D-4B5B-B6FA-353733C2EA51}.Debug|x86.ActiveCfg = Debug|Any CPU
		{8DC39F59-995D-4B5B-B6FA-353733C2EA51}.Debug|x86.Build.0 = Debug|Any CPU
		{8DC39F59-995D-4B5B-B6FA-353733C2EA51}.Release|Any CPU.ActiveCfg = Release|Any CPU
		{8DC39F59-995D-4B5B-B6FA-353733C2EA51}.Release|Any CPU.Build.0 = Release|Any CPU
		{8DC39F59-995D-4B5B-B6FA-353733C2EA51}.Release|x64.ActiveCfg = Release|Any CPU
		{8DC39F59-995D-4B5B-B6FA-353733C2EA51}.Release|x64.Build.0 = Release|Any CPU
		{8DC39F59-995D-4B5B-B6FA-353733C2EA51}.Release|x86.ActiveCfg = Release|Any CPU
		{8DC39F59-995D-4B5B-B6FA-353733C2EA51}.Release|x86.Build.0 = Release|Any CPU
		{D7FFD541-0E67-48E4-B72F-5FEF7882DD83}.Debug|Any CPU.ActiveCfg = Debug|Any CPU
		{D7FFD541-0E67-48E4-B72F-5FEF7882DD83}.Debug|Any CPU.Build.0 = Debug|Any CPU
		{D7FFD541-0E67-48E4-B72F-5FEF7882DD83}.Debug|x64.ActiveCfg = Debug|Any CPU
		{D7FFD541-0E67-48E4-B72F-5FEF7882DD83}.Debug|x64.Build.0 = Debug|Any CPU
		{D7FFD541-0E67-48E4-B72F-5FEF7882DD83}.Debug|x86.ActiveCfg = Debug|Any CPU
		{D7FFD541-0E67-48E4-B72F-5FEF7882DD83}.Debug|x86.Build.0 = Debug|Any CPU
		{D7FFD541-0E67-48E4-B72F-5FEF7882DD83}.Release|Any CPU.ActiveCfg = Release|Any CPU
		{D7FFD541-0E67-48E4-B72F-5FEF7882DD83}.Release|Any CPU.Build.0 = Release|Any CPU
		{D7FFD541-0E67-48E4-B72F-5FEF7882DD83}.Release|x64.ActiveCfg = Release|Any CPU
		{D7FFD541-0E67-48E4-B72F-5FEF7882DD83}.Release|x64.Build.0 = Release|Any CPU
		{D7FFD541-0E67-48E4-B72F-5FEF7882DD83}.Release|x86.ActiveCfg = Release|Any CPU
		{D7FFD541-0E67-48E4-B72F-5FEF7882DD83}.Release|x86.Build.0 = Release|Any CPU
		{9BEBC861-92AF-4C5C-A513-9633852B61E5}.Debug|Any CPU.ActiveCfg = Debug|Any CPU
		{9BEBC861-92AF-4C5C-A513-9633852B61E5}.Debug|Any CPU.Build.0 = Debug|Any CPU
		{9BEBC861-92AF-4C5C-A513-9633852B61E5}.Debug|x64.ActiveCfg = Debug|Any CPU
		{9BEBC861-92AF-4C5C-A513-9633852B61E5}.Debug|x64.Build.0 = Debug|Any CPU
		{9BEBC861-92AF-4C5C-A513-9633852B61E5}.Debug|x86.ActiveCfg = Debug|Any CPU
		{9BEBC861-92AF-4C5C-A513-9633852B61E5}.Debug|x86.Build.0 = Debug|Any CPU
		{9BEBC861-92AF-4C5C-A513-9633852B61E5}.Release|Any CPU.ActiveCfg = Release|Any CPU
		{9BEBC861-92AF-4C5C-A513-9633852B61E5}.Release|Any CPU.Build.0 = Release|Any CPU
		{9BEBC861-92AF-4C5C-A513-9633852B61E5}.Release|x64.ActiveCfg = Release|Any CPU
		{9BEBC861-92AF-4C5C-A513-9633852B61E5}.Release|x64.Build.0 = Release|Any CPU
		{9BEBC861-92AF-4C5C-A513-9633852B61E5}.Release|x86.ActiveCfg = Release|Any CPU
		{9BEBC861-92AF-4C5C-A513-9633852B61E5}.Release|x86.Build.0 = Release|Any CPU
		{117D0C4E-AAA4-4375-8BC8-EAD08A1AA410}.Debug|Any CPU.ActiveCfg = Debug|Any CPU
		{117D0C4E-AAA4-4375-8BC8-EAD08A1AA410}.Debug|Any CPU.Build.0 = Debug|Any CPU
		{117D0C4E-AAA4-4375-8BC8-EAD08A1AA410}.Debug|x64.ActiveCfg = Debug|Any CPU
		{117D0C4E-AAA4-4375-8BC8-EAD08A1AA410}.Debug|x64.Build.0 = Debug|Any CPU
		{117D0C4E-AAA4-4375-8BC8-EAD08A1AA410}.Debug|x86.ActiveCfg = Debug|Any CPU
		{117D0C4E-AAA4-4375-8BC8-EAD08A1AA410}.Debug|x86.Build.0 = Debug|Any CPU
		{117D0C4E-AAA4-4375-8BC8-EAD08A1AA410}.Release|Any CPU.ActiveCfg = Release|Any CPU
		{117D0C4E-AAA4-4375-8BC8-EAD08A1AA410}.Release|Any CPU.Build.0 = Release|Any CPU
		{117D0C4E-AAA4-4375-8BC8-EAD08A1AA410}.Release|x64.ActiveCfg = Release|Any CPU
		{117D0C4E-AAA4-4375-8BC8-EAD08A1AA410}.Release|x64.Build.0 = Release|Any CPU
		{117D0C4E-AAA4-4375-8BC8-EAD08A1AA410}.Release|x86.ActiveCfg = Release|Any CPU
		{117D0C4E-AAA4-4375-8BC8-EAD08A1AA410}.Release|x86.Build.0 = Release|Any CPU
		{11E28772-1F83-424C-899A-3C50EC58C361}.Debug|Any CPU.ActiveCfg = Debug|Any CPU
		{11E28772-1F83-424C-899A-3C50EC58C361}.Debug|Any CPU.Build.0 = Debug|Any CPU
		{11E28772-1F83-424C-899A-3C50EC58C361}.Debug|x64.ActiveCfg = Debug|Any CPU
		{11E28772-1F83-424C-899A-3C50EC58C361}.Debug|x64.Build.0 = Debug|Any CPU
		{11E28772-1F83-424C-899A-3C50EC58C361}.Debug|x86.ActiveCfg = Debug|Any CPU
		{11E28772-1F83-424C-899A-3C50EC58C361}.Debug|x86.Build.0 = Debug|Any CPU
		{11E28772-1F83-424C-899A-3C50EC58C361}.Release|Any CPU.ActiveCfg = Release|Any CPU
		{11E28772-1F83-424C-899A-3C50EC58C361}.Release|Any CPU.Build.0 = Release|Any CPU
		{11E28772-1F83-424C-899A-3C50EC58C361}.Release|x64.ActiveCfg = Release|Any CPU
		{11E28772-1F83-424C-899A-3C50EC58C361}.Release|x64.Build.0 = Release|Any CPU
		{11E28772-1F83-424C-899A-3C50EC58C361}.Release|x86.ActiveCfg = Release|Any CPU
		{11E28772-1F83-424C-899A-3C50EC58C361}.Release|x86.Build.0 = Release|Any CPU
		{5C9B998E-C243-4601-8800-EEA34319C85B}.Debug|Any CPU.ActiveCfg = Debug|Any CPU
		{5C9B998E-C243-4601-8800-EEA34319C85B}.Debug|Any CPU.Build.0 = Debug|Any CPU
		{5C9B998E-C243-4601-8800-EEA34319C85B}.Debug|x64.ActiveCfg = Debug|Any CPU
		{5C9B998E-C243-4601-8800-EEA34319C85B}.Debug|x64.Build.0 = Debug|Any CPU
		{5C9B998E-C243-4601-8800-EEA34319C85B}.Debug|x86.ActiveCfg = Debug|Any CPU
		{5C9B998E-C243-4601-8800-EEA34319C85B}.Debug|x86.Build.0 = Debug|Any CPU
		{5C9B998E-C243-4601-8800-EEA34319C85B}.Release|Any CPU.ActiveCfg = Release|Any CPU
		{5C9B998E-C243-4601-8800-EEA34319C85B}.Release|Any CPU.Build.0 = Release|Any CPU
		{5C9B998E-C243-4601-8800-EEA34319C85B}.Release|x64.ActiveCfg = Release|Any CPU
		{5C9B998E-C243-4601-8800-EEA34319C85B}.Release|x64.Build.0 = Release|Any CPU
		{5C9B998E-C243-4601-8800-EEA34319C85B}.Release|x86.ActiveCfg = Release|Any CPU
		{5C9B998E-C243-4601-8800-EEA34319C85B}.Release|x86.Build.0 = Release|Any CPU
		{8C297B4A-33D9-4AD1-8938-314BD8605314}.Debug|Any CPU.ActiveCfg = Debug|Any CPU
		{8C297B4A-33D9-4AD1-8938-314BD8605314}.Debug|Any CPU.Build.0 = Debug|Any CPU
		{8C297B4A-33D9-4AD1-8938-314BD8605314}.Debug|x64.ActiveCfg = Debug|Any CPU
		{8C297B4A-33D9-4AD1-8938-314BD8605314}.Debug|x64.Build.0 = Debug|Any CPU
		{8C297B4A-33D9-4AD1-8938-314BD8605314}.Debug|x86.ActiveCfg = Debug|Any CPU
		{8C297B4A-33D9-4AD1-8938-314BD8605314}.Debug|x86.Build.0 = Debug|Any CPU
		{8C297B4A-33D9-4AD1-8938-314BD8605314}.Release|Any CPU.ActiveCfg = Release|Any CPU
		{8C297B4A-33D9-4AD1-8938-314BD8605314}.Release|Any CPU.Build.0 = Release|Any CPU
		{8C297B4A-33D9-4AD1-8938-314BD8605314}.Release|x64.ActiveCfg = Release|Any CPU
		{8C297B4A-33D9-4AD1-8938-314BD8605314}.Release|x64.Build.0 = Release|Any CPU
		{8C297B4A-33D9-4AD1-8938-314BD8605314}.Release|x86.ActiveCfg = Release|Any CPU
		{8C297B4A-33D9-4AD1-8938-314BD8605314}.Release|x86.Build.0 = Release|Any CPU
		{C63FBD8E-16C9-4192-80F1-B70A0B1EA78B}.Debug|Any CPU.ActiveCfg = Debug|Any CPU
		{C63FBD8E-16C9-4192-80F1-B70A0B1EA78B}.Debug|Any CPU.Build.0 = Debug|Any CPU
		{C63FBD8E-16C9-4192-80F1-B70A0B1EA78B}.Debug|x64.ActiveCfg = Debug|Any CPU
		{C63FBD8E-16C9-4192-80F1-B70A0B1EA78B}.Debug|x64.Build.0 = Debug|Any CPU
		{C63FBD8E-16C9-4192-80F1-B70A0B1EA78B}.Debug|x86.ActiveCfg = Debug|Any CPU
		{C63FBD8E-16C9-4192-80F1-B70A0B1EA78B}.Debug|x86.Build.0 = Debug|Any CPU
		{C63FBD8E-16C9-4192-80F1-B70A0B1EA78B}.Release|Any CPU.ActiveCfg = Release|Any CPU
		{C63FBD8E-16C9-4192-80F1-B70A0B1EA78B}.Release|Any CPU.Build.0 = Release|Any CPU
		{C63FBD8E-16C9-4192-80F1-B70A0B1EA78B}.Release|x64.ActiveCfg = Release|Any CPU
		{C63FBD8E-16C9-4192-80F1-B70A0B1EA78B}.Release|x64.Build.0 = Release|Any CPU
		{C63FBD8E-16C9-4192-80F1-B70A0B1EA78B}.Release|x86.ActiveCfg = Release|Any CPU
		{C63FBD8E-16C9-4192-80F1-B70A0B1EA78B}.Release|x86.Build.0 = Release|Any CPU
		{837323C1-5CD8-492C-886F-8C3438BB0A95}.Debug|Any CPU.ActiveCfg = Debug|Any CPU
		{837323C1-5CD8-492C-886F-8C3438BB0A95}.Debug|Any CPU.Build.0 = Debug|Any CPU
		{837323C1-5CD8-492C-886F-8C3438BB0A95}.Debug|x64.ActiveCfg = Debug|Any CPU
		{837323C1-5CD8-492C-886F-8C3438BB0A95}.Debug|x64.Build.0 = Debug|Any CPU
		{837323C1-5CD8-492C-886F-8C3438BB0A95}.Debug|x86.ActiveCfg = Debug|Any CPU
		{837323C1-5CD8-492C-886F-8C3438BB0A95}.Debug|x86.Build.0 = Debug|Any CPU
		{837323C1-5CD8-492C-886F-8C3438BB0A95}.Release|Any CPU.ActiveCfg = Release|Any CPU
		{837323C1-5CD8-492C-886F-8C3438BB0A95}.Release|Any CPU.Build.0 = Release|Any CPU
		{837323C1-5CD8-492C-886F-8C3438BB0A95}.Release|x64.ActiveCfg = Release|Any CPU
		{837323C1-5CD8-492C-886F-8C3438BB0A95}.Release|x64.Build.0 = Release|Any CPU
		{837323C1-5CD8-492C-886F-8C3438BB0A95}.Release|x86.ActiveCfg = Release|Any CPU
		{837323C1-5CD8-492C-886F-8C3438BB0A95}.Release|x86.Build.0 = Release|Any CPU
		{13E5568D-0EE7-4AD9-BE50-BE762E897A6C}.Debug|Any CPU.ActiveCfg = Debug|Any CPU
		{13E5568D-0EE7-4AD9-BE50-BE762E897A6C}.Debug|Any CPU.Build.0 = Debug|Any CPU
		{13E5568D-0EE7-4AD9-BE50-BE762E897A6C}.Debug|x64.ActiveCfg = Debug|Any CPU
		{13E5568D-0EE7-4AD9-BE50-BE762E897A6C}.Debug|x64.Build.0 = Debug|Any CPU
		{13E5568D-0EE7-4AD9-BE50-BE762E897A6C}.Debug|x86.ActiveCfg = Debug|Any CPU
		{13E5568D-0EE7-4AD9-BE50-BE762E897A6C}.Debug|x86.Build.0 = Debug|Any CPU
		{13E5568D-0EE7-4AD9-BE50-BE762E897A6C}.Release|Any CPU.ActiveCfg = Release|Any CPU
		{13E5568D-0EE7-4AD9-BE50-BE762E897A6C}.Release|Any CPU.Build.0 = Release|Any CPU
		{13E5568D-0EE7-4AD9-BE50-BE762E897A6C}.Release|x64.ActiveCfg = Release|Any CPU
		{13E5568D-0EE7-4AD9-BE50-BE762E897A6C}.Release|x64.Build.0 = Release|Any CPU
		{13E5568D-0EE7-4AD9-BE50-BE762E897A6C}.Release|x86.ActiveCfg = Release|Any CPU
		{13E5568D-0EE7-4AD9-BE50-BE762E897A6C}.Release|x86.Build.0 = Release|Any CPU
		{8D5B0FD2-DC30-4617-87F5-C564BD82BFA7}.Debug|Any CPU.ActiveCfg = Debug|Any CPU
		{8D5B0FD2-DC30-4617-87F5-C564BD82BFA7}.Debug|Any CPU.Build.0 = Debug|Any CPU
		{8D5B0FD2-DC30-4617-87F5-C564BD82BFA7}.Debug|x64.ActiveCfg = Debug|Any CPU
		{8D5B0FD2-DC30-4617-87F5-C564BD82BFA7}.Debug|x64.Build.0 = Debug|Any CPU
		{8D5B0FD2-DC30-4617-87F5-C564BD82BFA7}.Debug|x86.ActiveCfg = Debug|Any CPU
		{8D5B0FD2-DC30-4617-87F5-C564BD82BFA7}.Debug|x86.Build.0 = Debug|Any CPU
		{8D5B0FD2-DC30-4617-87F5-C564BD82BFA7}.Release|Any CPU.ActiveCfg = Release|Any CPU
		{8D5B0FD2-DC30-4617-87F5-C564BD82BFA7}.Release|Any CPU.Build.0 = Release|Any CPU
		{8D5B0FD2-DC30-4617-87F5-C564BD82BFA7}.Release|x64.ActiveCfg = Release|Any CPU
		{8D5B0FD2-DC30-4617-87F5-C564BD82BFA7}.Release|x64.Build.0 = Release|Any CPU
		{8D5B0FD2-DC30-4617-87F5-C564BD82BFA7}.Release|x86.ActiveCfg = Release|Any CPU
		{8D5B0FD2-DC30-4617-87F5-C564BD82BFA7}.Release|x86.Build.0 = Release|Any CPU
	EndGlobalSection
	GlobalSection(SolutionProperties) = preSolution
		HideSolutionNode = FALSE
	EndGlobalSection
	GlobalSection(NestedProjects) = preSolution
		{EC447DCF-ABFA-6E24-52A5-D7FD48A5C558} = {827E0CD3-B72D-47B6-A68D-7590B98EB39B}
		{BEF6D164-B796-A647-D306-280AF5DC8AEA} = {EC447DCF-ABFA-6E24-52A5-D7FD48A5C558}
		{8DC39F59-995D-4B5B-B6FA-353733C2EA51} = {BEF6D164-B796-A647-D306-280AF5DC8AEA}
		{D7FFD541-0E67-48E4-B72F-5FEF7882DD83} = {BEF6D164-B796-A647-D306-280AF5DC8AEA}
		{C8E42992-5E42-0C2B-DBFE-AA848D06431C} = {827E0CD3-B72D-47B6-A68D-7590B98EB39B}
		{9BEBC861-92AF-4C5C-A513-9633852B61E5} = {C8E42992-5E42-0C2B-DBFE-AA848D06431C}
		{117D0C4E-AAA4-4375-8BC8-EAD08A1AA410} = {C8E42992-5E42-0C2B-DBFE-AA848D06431C}
		{11E28772-1F83-424C-899A-3C50EC58C361} = {BEF6D164-B796-A647-D306-280AF5DC8AEA}
		{CCE8970C-F19F-F7F5-0E2D-F3755490E052} = {EC447DCF-ABFA-6E24-52A5-D7FD48A5C558}
		{5C9B998E-C243-4601-8800-EEA34319C85B} = {CCE8970C-F19F-F7F5-0E2D-F3755490E052}
		{8C297B4A-33D9-4AD1-8938-314BD8605314} = {CCE8970C-F19F-F7F5-0E2D-F3755490E052}
		{C63FBD8E-16C9-4192-80F1-B70A0B1EA78B} = {CCE8970C-F19F-F7F5-0E2D-F3755490E052}
		{837323C1-5CD8-492C-886F-8C3438BB0A95} = {827E0CD3-B72D-47B6-A68D-7590B98EB39B}
		{13E5568D-0EE7-4AD9-BE50-BE762E897A6C} = {0AB3BF05-4346-4AA6-1389-037BE0695223}
		{8D5B0FD2-DC30-4617-87F5-C564BD82BFA7} = {0AB3BF05-4346-4AA6-1389-037BE0695223}
	EndGlobalSection
EndGlobal
